
Microsoft Visual Studio Solution File, Format Version 12.00
# Visual Studio Version 16
VisualStudioVersion = 16.0.31911.196
MinimumVisualStudioVersion = 10.0.40219.1
Project("{FAE04EC0-301F-11D3-BF4B-00C04F79EFBC}") = "EqtrApp", "EqtrApp.csproj", "{E459C989-D7A0-42ED-A90B-E0F6B18FF8B5}"
EndProject
Global
	GlobalSection(SolutionConfigurationPlatforms) = preSolution
		Debug|Any CPU = Debug|Any CPU
		Release|Any CPU = Release|Any CPU
	EndGlobalSection
	GlobalSection(ProjectConfigurationPlatforms) = postSolution
		{E459C989-D7A0-42ED-A90B-E0F6B18FF8B5}.Debug|Any CPU.ActiveCfg = Debug|Any CPU
		{E459C989-D7A0-42ED-A90B-E0F6B18FF8B5}.Debug|Any CPU.Build.0 = Debug|Any CPU
		{E459C989-D7A0-42ED-A90B-E0F6B18FF8B5}.Release|Any CPU.ActiveCfg = Release|Any CPU
		{E459C989-D7A0-42ED-A90B-E0F6B18FF8B5}.Release|Any CPU.Build.0 = Release|Any CPU
	EndGlobalSection
	GlobalSection(SolutionProperties) = preSolution
		HideSolutionNode = FALSE
	EndGlobalSection
	GlobalSection(ExtensibilityGlobals) = postSolution
		SolutionGuid = {B0F052A7-105E-4D7A-B6D6-942141B55889}
	EndGlobalSection
EndGlobal
